
Microsoft Visual Studio Solution File, Format Version 12.00
# Visual Studio Version 17
VisualStudioVersion = 17.14.36908.2 d17.14
MinimumVisualStudioVersion = 10.0.40219.1
Project("{FAE04EC0-301F-11D3-BF4B-00C04F79EFBC}") = "OrderPricingSystem", "OrderPricingSystem\OrderPricingSystem.csproj", "{B3D800BE-8C4C-4B35-8682-6A77734A8450}"
EndProject
Global
	GlobalSection(SolutionConfigurationPlatforms) = preSolution
		Debug|Any CPU = Debug|Any CPU
		Release|Any CPU = Release|Any CPU
	EndGlobalSection
	GlobalSection(ProjectConfigurationPlatforms) = postSolution
		{B3D800BE-8C4C-4B35-8682-6A77734A8450}.Debug|Any CPU.ActiveCfg = Debug|Any CPU
		{B3D800BE-8C4C-4B35-8682-6A77734A8450}.Debug|Any CPU.Build.0 = Debug|Any CPU
		{B3D800BE-8C4C-4B35-8682-6A77734A8450}.Release|Any CPU.ActiveCfg = Release|Any CPU
		{B3D800BE-8C4C-4B35-8682-6A77734A8450}.Release|Any CPU.Build.0 = Release|Any CPU
	EndGlobalSection
	GlobalSection(SolutionProperties) = preSolution
		HideSolutionNode = FALSE
	EndGlobalSection
	GlobalSection(ExtensibilityGlobals) = postSolution
		SolutionGuid = {A7C55536-76FA-4837-AC10-E5811A4E1F08}
	EndGlobalSection
EndGlobal
